
Microsoft Visual Studio Solution File, Format Version 12.00
# Visual Studio Version 17
VisualStudioVersion = 17.11.35208.52
MinimumVisualStudioVersion = 10.0.40219.1
Project("{2150E333-8FDC-42A3-9474-1A3956D46DE8}") = "Services", "Services", "{41353108-4788-456E-9E9B-75E1993876B6}"
EndProject
Project("{2150E333-8FDC-42A3-9474-1A3956D46DE8}") = "Catalog", "Catalog", "{18DB3A50-D2A4-4500-9FC5-DCE12AF1E1E8}"
EndProject
Project("{FAE04EC0-301F-11D3-BF4B-00C04F79EFBC}") = "Catalog.API", "Catalog.API.csproj", "{F100F1D7-3B23-49DF-9CC2-411F6AC332DF}"
EndProject
Project("{2150E333-8FDC-42A3-9474-1A3956D46DE8}") = "BuildingBlocks", "BuildingBlocks", "{A7B42E45-B0E1-4595-850B-3B0866D2AADB}"
EndProject
Project("{FAE04EC0-301F-11D3-BF4B-00C04F79EFBC}") = "BuildingBlock", "..\..\..\BuildingBlocks\BuildingBlock\BuildingBlock.csproj", "{C2C015BB-B87E-4879-B821-DB6CC5C7969A}"
EndProject
Global
	GlobalSection(SolutionConfigurationPlatforms) = preSolution
		Debug|Any CPU = Debug|Any CPU
		Release|Any CPU = Release|Any CPU
	EndGlobalSection
	GlobalSection(ProjectConfigurationPlatforms) = postSolution
		{F100F1D7-3B23-49DF-9CC2-411F6AC332DF}.Debug|Any CPU.ActiveCfg = Debug|Any CPU
		{F100F1D7-3B23-49DF-9CC2-411F6AC332DF}.Debug|Any CPU.Build.0 = Debug|Any CPU
		{F100F1D7-3B23-49DF-9CC2-411F6AC332DF}.Release|Any CPU.ActiveCfg = Release|Any CPU
		{F100F1D7-3B23-49DF-9CC2-411F6AC332DF}.Release|Any CPU.Build.0 = Release|Any CPU
		{C2C015BB-B87E-4879-B821-DB6CC5C7969A}.Debug|Any CPU.ActiveCfg = Debug|Any CPU
		{C2C015BB-B87E-4879-B821-DB6CC5C7969A}.Debug|Any CPU.Build.0 = Debug|Any CPU
		{C2C015BB-B87E-4879-B821-DB6CC5C7969A}.Release|Any CPU.ActiveCfg = Release|Any CPU
		{C2C015BB-B87E-4879-B821-DB6CC5C7969A}.Release|Any CPU.Build.0 = Release|Any CPU
	EndGlobalSection
	GlobalSection(SolutionProperties) = preSolution
		HideSolutionNode = FALSE
	EndGlobalSection
	GlobalSection(NestedProjects) = preSolution
		{18DB3A50-D2A4-4500-9FC5-DCE12AF1E1E8} = {41353108-4788-456E-9E9B-75E1993876B6}
		{F100F1D7-3B23-49DF-9CC2-411F6AC332DF} = {18DB3A50-D2A4-4500-9FC5-DCE12AF1E1E8}
		{C2C015BB-B87E-4879-B821-DB6CC5C7969A} = {A7B42E45-B0E1-4595-850B-3B0866D2AADB}
	EndGlobalSection
	GlobalSection(ExtensibilityGlobals) = postSolution
		SolutionGuid = {09ACE93E-8A20-491B-8F88-DC5125C408CE}
	EndGlobalSection
EndGlobal
